{
  "name": "gs-agent",
  "version": "0.1.0",
  "lockfileVersion": 3,
  "requires": true,
  "packages": {
    "": {
      "name": "gs-agent",
      "version": "0.1.0",
      "license": "UNLICENSED",
      "dependencies": {
        "@mcopparini/gs-contracts": "github:MCopparini/glue_suite_contracts#v0.3.0",
        "amqplib": "2.0.1"
      },
      "bin": {
        "gs-agent": "dist/cli.js"
      },
      "devDependencies": {
        "@types/node": "^24.3.1",
        "typescript": "6.0.2"
      },
      "engines": {
        "node": ">=22"
      }
    },
    "node_modules/@mcopparini/gs-contracts": {
      "version": "0.3.0",
      "resolved": "git+ssh://git@github.com/MCopparini/glue_suite_contracts.git#64743f103f24fb2b0cf24f3adcdc8adcb02b30f4",
      "license": "UNLICENSED",
      "engines": {
        "node": ">=22"
      }
    },
    "node_modules/@types/node": {
      "version": "24.19.1",
      "resolved": "https://npm.croswil.com/@types/node/-/node-24.19.1.tgz",
      "integrity": "sha512-aS3/DG0oM05K0RIXXP+hKjinGG5IgSSVGzswZxW3O0sS3pH4/fycXundUC9XsszgKCk4gHXylTEK6hyFxVxnoQ==",
      "dev": true,
      "license": "MIT",
      "dependencies": {
        "undici-types": ">=7.24.0 <7.24.7"
      }
    },
    "node_modules/amqplib": {
      "version": "2.0.1",
      "resolved": "https://npm.croswil.com/amqplib/-/amqplib-2.0.1.tgz",
      "integrity": "sha512-a3P2MgfCf9nzVis12VxWEn0dS6hcqve7dlEAhXDtIWR27BlhtMkILOc+H9aeHjDi6i6r94dYKc2Kx2OFe3avvg==",
      "license": "MIT",
      "engines": {
        "node": ">=18"
      }
    },
    "node_modules/typescript": {
      "version": "6.0.2",
      "resolved": "https://npm.croswil.com/typescript/-/typescript-6.0.2.tgz",
      "integrity": "sha512-bGdAIrZ0wiGDo5l8c++HWtbaNCWTS4UTv7RaTH/ThVIgjkveJt83m74bBHMJkuCbslY8ixgLBVZJIOiQlQTjfQ==",
      "dev": true,
      "license": "Apache-2.0",
      "bin": {
        "tsc": "bin/tsc",
        "tsserver": "bin/tsserver"
      },
      "engines": {
        "node": ">=14.17"
      }
    },
    "node_modules/undici-types": {
      "version": "7.24.6",
      "resolved": "https://npm.croswil.com/undici-types/-/undici-types-7.24.6.tgz",
      "integrity": "sha512-WRNW+sJgj5OBN4/0JpHFqtqzhpbnV0GuB+OozA9gCL7a993SmU+1JBZCzLNxYsbMfIeDL+lTsphD5jN5N+n0zg==",
      "dev": true,
      "license": "MIT"
    }
  }
}
